
Microsoft Visual Studio Solution File, Format Version 12.00
# Visual Studio Version 16
VisualStudioVersion = 16.0.30204.135
MinimumVisualStudioVersion = 10.0.40219.1
Project("{FAE04EC0-301F-11D3-BF4B-00C04F79EFBC}") = "Sito", "Sito\Sito.csproj", "{7DD7F7C8-7E53-420E-851F-928C9E923E6C}"
EndProject
Project("{FAE04EC0-301F-11D3-BF4B-00C04F79EFBC}") = "LiczbyBitowe", "LiczbyBitowe\LiczbyBitowe.csproj", "{6E6E1B19-DBE4-4351-BC4F-7D68A4D540E6}"
EndProject
Project("{FAE04EC0-301F-11D3-BF4B-00C04F79EFBC}") = "STL", "STL\STL.csproj", "{C46A51D6-A948-4F6B-87BA-E27274A81911}"
EndProject
Project("{9A19103F-16F7-4668-BE54-9A1E7A4F7556}") = "Punkty", "Punkty\Punkty.csproj", "{00DB19C5-C60B-4DE0-9772-62E797226C10}"
EndProject
Project("{9A19103F-16F7-4668-BE54-9A1E7A4F7556}") = "SSE2", "SSE2\SSE2.csproj", "{1470F79F-BF58-4019-9834-20E5F6B39A45}"
EndProject
Project("{FAE04EC0-301F-11D3-BF4B-00C04F79EFBC}") = "SSE", "SSE\SSE.csproj", "{1170A9EB-8CB6-48CE-80C6-E1DB01EE3B21}"
EndProject
Global
	GlobalSection(SolutionConfigurationPlatforms) = preSolution
		Debug|Any CPU = Debug|Any CPU
		Release|Any CPU = Release|Any CPU
	EndGlobalSection
	GlobalSection(ProjectConfigurationPlatforms) = postSolution
		{7DD7F7C8-7E53-420E-851F-928C9E923E6C}.Debug|Any CPU.ActiveCfg = Debug|Any CPU
		{7DD7F7C8-7E53-420E-851F-928C9E923E6C}.Debug|Any CPU.Build.0 = Debug|Any CPU
		{7DD7F7C8-7E53-420E-851F-928C9E923E6C}.Release|Any CPU.ActiveCfg = Release|Any CPU
		{7DD7F7C8-7E53-420E-851F-928C9E923E6C}.Release|Any CPU.Build.0 = Release|Any CPU
		{6E6E1B19-DBE4-4351-BC4F-7D68A4D540E6}.Debug|Any CPU.ActiveCfg = Debug|Any CPU
		{6E6E1B19-DBE4-4351-BC4F-7D68A4D540E6}.Debug|Any CPU.Build.0 = Debug|Any CPU
		{6E6E1B19-DBE4-4351-BC4F-7D68A4D540E6}.Release|Any CPU.ActiveCfg = Release|Any CPU
		{6E6E1B19-DBE4-4351-BC4F-7D68A4D540E6}.Release|Any CPU.Build.0 = Release|Any CPU
		{C46A51D6-A948-4F6B-87BA-E27274A81911}.Debug|Any CPU.ActiveCfg = Debug|Any CPU
		{C46A51D6-A948-4F6B-87BA-E27274A81911}.Debug|Any CPU.Build.0 = Debug|Any CPU
		{C46A51D6-A948-4F6B-87BA-E27274A81911}.Release|Any CPU.ActiveCfg = Release|Any CPU
		{C46A51D6-A948-4F6B-87BA-E27274A81911}.Release|Any CPU.Build.0 = Release|Any CPU
		{00DB19C5-C60B-4DE0-9772-62E797226C10}.Debug|Any CPU.ActiveCfg = Debug|Any CPU
		{00DB19C5-C60B-4DE0-9772-62E797226C10}.Debug|Any CPU.Build.0 = Debug|Any CPU
		{00DB19C5-C60B-4DE0-9772-62E797226C10}.Release|Any CPU.ActiveCfg = Release|Any CPU
		{00DB19C5-C60B-4DE0-9772-62E797226C10}.Release|Any CPU.Build.0 = Release|Any CPU
		{1470F79F-BF58-4019-9834-20E5F6B39A45}.Debug|Any CPU.ActiveCfg = Debug|Any CPU
		{1470F79F-BF58-4019-9834-20E5F6B39A45}.Debug|Any CPU.Build.0 = Debug|Any CPU
		{1470F79F-BF58-4019-9834-20E5F6B39A45}.Release|Any CPU.ActiveCfg = Release|Any CPU
		{1470F79F-BF58-4019-9834-20E5F6B39A45}.Release|Any CPU.Build.0 = Release|Any CPU
		{1170A9EB-8CB6-48CE-80C6-E1DB01EE3B21}.Debug|Any CPU.ActiveCfg = Debug|Any CPU
		{1170A9EB-8CB6-48CE-80C6-E1DB01EE3B21}.Debug|Any CPU.Build.0 = Debug|Any CPU
		{1170A9EB-8CB6-48CE-80C6-E1DB01EE3B21}.Release|Any CPU.ActiveCfg = Release|Any CPU
		{1170A9EB-8CB6-48CE-80C6-E1DB01EE3B21}.Release|Any CPU.Build.0 = Release|Any CPU
	EndGlobalSection
	GlobalSection(SolutionProperties) = preSolution
		HideSolutionNode = FALSE
	EndGlobalSection
	GlobalSection(ExtensibilityGlobals) = postSolution
		SolutionGuid = {6D5FBBE1-FA72-4D19-A064-A3E0F64FC9D5}
	EndGlobalSection
EndGlobal
